
Microsoft Visual Studio Solution File, Format Version 12.00
# Visual Studio Version 16
VisualStudioVersion = 16.0.30523.141
MinimumVisualStudioVersion = 10.0.40219.1
Project("{FAE04EC0-301F-11D3-BF4B-00C04F79EFBC}") = "ConsoleAppTask3", "ConsoleAppTask3.csproj", "{58FF0EDB-4D03-4406-AD29-AB670D4F23C9}"
EndProject
Global
	GlobalSection(SolutionConfigurationPlatforms) = preSolution
		Debug|Any CPU = Debug|Any CPU
		Release|Any CPU = Release|Any CPU
	EndGlobalSection
	GlobalSection(ProjectConfigurationPlatforms) = postSolution
		{58FF0EDB-4D03-4406-AD29-AB670D4F23C9}.Debug|Any CPU.ActiveCfg = Debug|Any CPU
		{58FF0EDB-4D03-4406-AD29-AB670D4F23C9}.Debug|Any CPU.Build.0 = Debug|Any CPU
		{58FF0EDB-4D03-4406-AD29-AB670D4F23C9}.Release|Any CPU.ActiveCfg = Release|Any CPU
		{58FF0EDB-4D03-4406-AD29-AB670D4F23C9}.Release|Any CPU.Build.0 = Release|Any CPU
	EndGlobalSection
	GlobalSection(SolutionProperties) = preSolution
		HideSolutionNode = FALSE
	EndGlobalSection
	GlobalSection(ExtensibilityGlobals) = postSolution
		SolutionGuid = {03574384-8B5C-456E-93AB-E313BBD50844}
	EndGlobalSection
EndGlobal
